
Microsoft Visual Studio Solution File, Format Version 12.00
# Visual Studio 15
VisualStudioVersion = 15.0.28010.2046
MinimumVisualStudioVersion = 10.0.40219.1
Project("{FAE04EC0-301F-11D3-BF4B-00C04F79EFBC}") = "SpeciesTool.NET", "SpeciesTool.NET\SpeciesTool.NET.csproj", "{48D80966-550B-497C-BF62-138F3EA27CF3}"
EndProject
Global
	GlobalSection(SolutionConfigurationPlatforms) = preSolution
		Debug|Any CPU = Debug|Any CPU
		Release|Any CPU = Release|Any CPU
	EndGlobalSection
	GlobalSection(ProjectConfigurationPlatforms) = postSolution
		{48D80966-550B-497C-BF62-138F3EA27CF3}.Debug|Any CPU.ActiveCfg = Debug|Any CPU
		{48D80966-550B-497C-BF62-138F3EA27CF3}.Debug|Any CPU.Build.0 = Debug|Any CPU
		{48D80966-550B-497C-BF62-138F3EA27CF3}.Release|Any CPU.ActiveCfg = Release|Any CPU
		{48D80966-550B-497C-BF62-138F3EA27CF3}.Release|Any CPU.Build.0 = Release|Any CPU
	EndGlobalSection
	GlobalSection(SolutionProperties) = preSolution
		HideSolutionNode = FALSE
	EndGlobalSection
	GlobalSection(ExtensibilityGlobals) = postSolution
		SolutionGuid = {E2CE66CF-7ED1-4A1C-B54A-ED8002A7ED7B}
	EndGlobalSection
EndGlobal
